
Microsoft Visual Studio Solution File, Format Version 12.00
# Visual Studio 15
Project("{FAE04EC0-301F-11D3-BF4B-00C04F79EFBC}") = "Assembly-CSharp", "Assembly-CSharp.csproj", "{EA9182AC-EE81-077A-2B46-E86D3F8E32F1}"
EndProject
Project("{FAE04EC0-301F-11D3-BF4B-00C04F79EFBC}") = "Assembly-CSharp-Editor", "Assembly-CSharp-Editor.csproj", "{60C0E1DF-05D6-F901-010B-5D888037D8C0}"
EndProject
Global
	GlobalSection(SolutionConfigurationPlatforms) = preSolution
		Debug|Any CPU = Debug|Any CPU
		Release|Any CPU = Release|Any CPU
	EndGlobalSection
	GlobalSection(ProjectConfigurationPlatforms) = postSolution
		{EA9182AC-EE81-077A-2B46-E86D3F8E32F1}.Debug|Any CPU.ActiveCfg = Debug|Any CPU
		{EA9182AC-EE81-077A-2B46-E86D3F8E32F1}.Debug|Any CPU.Build.0 = Debug|Any CPU
		{EA9182AC-EE81-077A-2B46-E86D3F8E32F1}.Release|Any CPU.ActiveCfg = Release|Any CPU
		{EA9182AC-EE81-077A-2B46-E86D3F8E32F1}.Release|Any CPU.Build.0 = Release|Any CPU
		{60C0E1DF-05D6-F901-010B-5D888037D8C0}.Debug|Any CPU.ActiveCfg = Debug|Any CPU
		{60C0E1DF-05D6-F901-010B-5D888037D8C0}.Debug|Any CPU.Build.0 = Debug|Any CPU
		{60C0E1DF-05D6-F901-010B-5D888037D8C0}.Release|Any CPU.ActiveCfg = Release|Any CPU
		{60C0E1DF-05D6-F901-010B-5D888037D8C0}.Release|Any CPU.Build.0 = Release|Any CPU
	EndGlobalSection
	GlobalSection(SolutionProperties) = preSolution
		HideSolutionNode = FALSE
	EndGlobalSection
EndGlobal
